
Microsoft Visual Studio Solution File, Format Version 12.00
# Visual Studio Version 16
VisualStudioVersion = 16.0.31410.357
MinimumVisualStudioVersion = 10.0.40219.1
Project("{9A19103F-16F7-4668-BE54-9A1E7A4F7556}") = "NewTask", "NewTask\NewTask.csproj", "{9C02731B-15BA-4CCF-8F04-D18DE21B24DB}"
EndProject
Project("{9A19103F-16F7-4668-BE54-9A1E7A4F7556}") = "Receive", "Receive\Receive.csproj", "{AF9F6D49-23CC-459C-B590-F4A04864A3DE}"
EndProject
Project("{9A19103F-16F7-4668-BE54-9A1E7A4F7556}") = "Send", "Send\Send.csproj", "{D9D6C43D-68A2-407F-B052-9A3C4270DD84}"
EndProject
Project("{9A19103F-16F7-4668-BE54-9A1E7A4F7556}") = "Worker", "Worker\Worker.csproj", "{3F95AAC7-ECE0-4CCB-A571-A6E871C2CB4E}"
EndProject
Global
	GlobalSection(SolutionConfigurationPlatforms) = preSolution
		Debug|Any CPU = Debug|Any CPU
		Release|Any CPU = Release|Any CPU
	EndGlobalSection
	GlobalSection(ProjectConfigurationPlatforms) = postSolution
		{9C02731B-15BA-4CCF-8F04-D18DE21B24DB}.Debug|Any CPU.ActiveCfg = Debug|Any CPU
		{9C02731B-15BA-4CCF-8F04-D18DE21B24DB}.Debug|Any CPU.Build.0 = Debug|Any CPU
		{9C02731B-15BA-4CCF-8F04-D18DE21B24DB}.Release|Any CPU.ActiveCfg = Release|Any CPU
		{9C02731B-15BA-4CCF-8F04-D18DE21B24DB}.Release|Any CPU.Build.0 = Release|Any CPU
		{AF9F6D49-23CC-459C-B590-F4A04864A3DE}.Debug|Any CPU.ActiveCfg = Debug|Any CPU
		{AF9F6D49-23CC-459C-B590-F4A04864A3DE}.Debug|Any CPU.Build.0 = Debug|Any CPU
		{AF9F6D49-23CC-459C-B590-F4A04864A3DE}.Release|Any CPU.ActiveCfg = Release|Any CPU
		{AF9F6D49-23CC-459C-B590-F4A04864A3DE}.Release|Any CPU.Build.0 = Release|Any CPU
		{D9D6C43D-68A2-407F-B052-9A3C4270DD84}.Debug|Any CPU.ActiveCfg = Debug|Any CPU
		{D9D6C43D-68A2-407F-B052-9A3C4270DD84}.Debug|Any CPU.Build.0 = Debug|Any CPU
		{D9D6C43D-68A2-407F-B052-9A3C4270DD84}.Release|Any CPU.ActiveCfg = Release|Any CPU
		{D9D6C43D-68A2-407F-B052-9A3C4270DD84}.Release|Any CPU.Build.0 = Release|Any CPU
		{3F95AAC7-ECE0-4CCB-A571-A6E871C2CB4E}.Debug|Any CPU.ActiveCfg = Debug|Any CPU
		{3F95AAC7-ECE0-4CCB-A571-A6E871C2CB4E}.Debug|Any CPU.Build.0 = Debug|Any CPU
		{3F95AAC7-ECE0-4CCB-A571-A6E871C2CB4E}.Release|Any CPU.ActiveCfg = Release|Any CPU
		{3F95AAC7-ECE0-4CCB-A571-A6E871C2CB4E}.Release|Any CPU.Build.0 = Release|Any CPU
	EndGlobalSection
	GlobalSection(SolutionProperties) = preSolution
		HideSolutionNode = FALSE
	EndGlobalSection
	GlobalSection(ExtensibilityGlobals) = postSolution
		SolutionGuid = {4E0B10FF-2CB0-4471-B07D-F3E810643CD2}
	EndGlobalSection
EndGlobal
